
Microsoft Visual Studio Solution File, Format Version 12.00
# Visual Studio Version 16
VisualStudioVersion = 16.0.31410.357
MinimumVisualStudioVersion = 10.0.40219.1
Project("{FAE04EC0-301F-11D3-BF4B-00C04F79EFBC}") = "MVVM_1_part", "MVVM_1_part\MVVM_1_part.csproj", "{7E714FE2-AB34-4A3E-BAFE-4AA44A43927C}"
EndProject
Global
	GlobalSection(SolutionConfigurationPlatforms) = preSolution
		Debug|Any CPU = Debug|Any CPU
		Release|Any CPU = Release|Any CPU
	EndGlobalSection
	GlobalSection(ProjectConfigurationPlatforms) = postSolution
		{7E714FE2-AB34-4A3E-BAFE-4AA44A43927C}.Debug|Any CPU.ActiveCfg = Debug|Any CPU
		{7E714FE2-AB34-4A3E-BAFE-4AA44A43927C}.Debug|Any CPU.Build.0 = Debug|Any CPU
		{7E714FE2-AB34-4A3E-BAFE-4AA44A43927C}.Release|Any CPU.ActiveCfg = Release|Any CPU
		{7E714FE2-AB34-4A3E-BAFE-4AA44A43927C}.Release|Any CPU.Build.0 = Release|Any CPU
	EndGlobalSection
	GlobalSection(SolutionProperties) = preSolution
		HideSolutionNode = FALSE
	EndGlobalSection
	GlobalSection(ExtensibilityGlobals) = postSolution
		SolutionGuid = {8A5E9B3A-5895-4D00-AC15-CAAA2883F4F6}
	EndGlobalSection
EndGlobal
